
Microsoft Visual Studio Solution File, Format Version 12.00
# Visual Studio Version 16
VisualStudioVersion = 16.0.31205.134
MinimumVisualStudioVersion = 10.0.40219.1
Project("{FAE04EC0-301F-11D3-BF4B-00C04F79EFBC}") = "MSApp1", "MSApp1.csproj", "{A21CCCC7-FF3E-4CF2-8B0A-404DF7C207CA}"
EndProject
Global
	GlobalSection(SolutionConfigurationPlatforms) = preSolution
		Debug|Any CPU = Debug|Any CPU
		Release|Any CPU = Release|Any CPU
	EndGlobalSection
	GlobalSection(ProjectConfigurationPlatforms) = postSolution
		{A21CCCC7-FF3E-4CF2-8B0A-404DF7C207CA}.Debug|Any CPU.ActiveCfg = Debug|Any CPU
		{A21CCCC7-FF3E-4CF2-8B0A-404DF7C207CA}.Debug|Any CPU.Build.0 = Debug|Any CPU
		{A21CCCC7-FF3E-4CF2-8B0A-404DF7C207CA}.Release|Any CPU.ActiveCfg = Release|Any CPU
		{A21CCCC7-FF3E-4CF2-8B0A-404DF7C207CA}.Release|Any CPU.Build.0 = Release|Any CPU
	EndGlobalSection
	GlobalSection(SolutionProperties) = preSolution
		HideSolutionNode = FALSE
	EndGlobalSection
	GlobalSection(ExtensibilityGlobals) = postSolution
		SolutionGuid = {1C4080D0-18AE-4972-9A25-18623CAEE3EC}
	EndGlobalSection
EndGlobal
